
Microsoft Visual Studio Solution File, Format Version 12.00
# Visual Studio 15
Project("{FAE04EC0-301F-11D3-BF4B-00C04F79EFBC}") = "AtmDemo", "AtmDemo.csproj", "{9C71984C-BE02-4A08-BFBD-F4B88895C6EC}"
EndProject
Global
	GlobalSection(SolutionConfigurationPlatforms) = preSolution
		Debug|Any CPU = Debug|Any CPU
		Release|Any CPU = Release|Any CPU
	EndGlobalSection
	GlobalSection(ProjectConfigurationPlatforms) = postSolution
		{9C71984C-BE02-4A08-BFBD-F4B88895C6EC}.Debug|Any CPU.ActiveCfg = Debug|Any CPU
		{9C71984C-BE02-4A08-BFBD-F4B88895C6EC}.Debug|Any CPU.Build.0 = Debug|Any CPU
		{9C71984C-BE02-4A08-BFBD-F4B88895C6EC}.Release|Any CPU.ActiveCfg = Release|Any CPU
		{9C71984C-BE02-4A08-BFBD-F4B88895C6EC}.Release|Any CPU.Build.0 = Release|Any CPU
	EndGlobalSection
	GlobalSection(MonoDevelopProperties) = preSolution
		version = 1.0
	EndGlobalSection
EndGlobal
